// !$*UTF8*$!
{
	archiveVersion = 1;
	classes = {
	};
	objectVersion = 77;
	objects = {

/* Begin PBXContainerItemProxy section */
		CEFA4A752E3E181200FC15ED /* PBXContainerItemProxy */ = {
			isa = PBXContainerItemProxy;
			containerPortal = CEFA4A532E3E181000FC15ED /* Project object */;
			proxyType = 1;
			remoteGlobalIDString = CEFA4A5A2E3E181000FC15ED;
			remoteInfo = TZEffective2025.08.01;
		};
		CEFA4A7F2E3E181200FC15ED /* PBXContainerItemProxy */ = {
			isa = PBXContainerItemProxy;
			containerPortal = CEFA4A532E3E181000FC15ED /* Project object */;
			proxyType = 1;
			remoteGlobalIDString = CEFA4A5A2E3E181000FC15ED;
			remoteInfo = TZEffective2025.08.01;
		};
/* End PBXContainerItemProxy section */

/* Begin PBXFileReference section */
		CEFA4A5B2E3E181000FC15ED /* TZEffective2025.08.01.app */ = {isa = PBXFileReference; explicitFileType = wrapper.application; includeInIndex = 0; path = TZEffective2025.08.01.app; sourceTree = BUILT_PRODUCTS_DIR; };
		CEFA4A742E3E181200FC15ED /* TZEffective2025.08.01Tests.xctest */ = {isa = PBXFileReference; explicitFileType = wrapper.cfbundle; includeInIndex = 0; path = TZEffective2025.08.01Tests.xctest; sourceTree = BUILT_PRODUCTS_DIR; };
		CEFA4A7E2E3E181200FC15ED /* TZEffective2025.08.01UITests.xctest */ = {isa = PBXFileReference; explicitFileType = wrapper.cfbundle; includeInIndex = 0; path = TZEffective2025.08.01UITests.xctest; sourceTree = BUILT_PRODUCTS_DIR; };
/* End PBXFileReference section */

/* Begin PBXFileSystemSynchronizedBuildFileExceptionSet section */
		CEFA4A862E3E181200FC15ED /* Exceptions for "TZEffective2025.08.01" folder in "TZEffective2025.08.01" target */ = {
			isa = PBXFileSystemSynchronizedBuildFileExceptionSet;
			membershipExceptions = (
				Info.plist,
			);
			target = CEFA4A5A2E3E181000FC15ED /* TZEffective2025.08.01 */;
		};
/* End PBXFileSystemSynchronizedBuildFileExceptionSet section */

/* Begin PBXFileSystemSynchronizedRootGroup section */
		CEFA4A5D2E3E181000FC15ED /* TZEffective2025.08.01 */ = {
			isa = PBXFileSystemSynchronizedRootGroup;
			exceptions = (
				CEFA4A862E3E181200FC15ED /* Exceptions for "TZEffective2025.08.01" folder in "TZEffective2025.08.01" target */,
			);
			path = TZEffective2025.08.01;
			sourceTree = "<group>";
		};
		CEFA4A772E3E181200FC15ED /* TZEffective2025.08.01Tests */ = {
			isa = PBXFileSystemSynchronizedRootGroup;
			path = TZEffective2025.08.01Tests;
			sourceTree = "<group>";
		};
		CEFA4A812E3E181200FC15ED /* TZEffective2025.08.01UITests */ = {
			isa = PBXFileSystemSynchronizedRootGroup;
			path = TZEffective2025.08.01UITests;
			sourceTree = "<group>";
		};
/* End PBXFileSystemSynchronizedRootGroup section */

/* Begin PBXFrameworksBuildPhase section */
		CEFA4A582E3E181000FC15ED /* Frameworks */ = {
			isa = PBXFrameworksBuildPhase;
			buildActionMask = 2147483647;
			files = (
			);
			runOnlyForDeploymentPostprocessing = 0;
		};
		CEFA4A712E3E181200FC15ED /* Frameworks */ = {
			isa = PBXFrameworksBuildPhase;
			buildActionMask = 2147483647;
			files = (
			);
			runOnlyForDeploymentPostprocessing = 0;
		};
		CEFA4A7B2E3E181200FC15ED /* Frameworks */ = {
			isa = PBXFrameworksBuildPhase;
			buildActionMask = 2147483647;
			files = (
			);
			runOnlyForDeploymentPostprocessing = 0;
		};
/* End PBXFrameworksBuildPhase section */

/* Begin PBXGroup section */
		CEFA4A522E3E181000FC15ED = {
			isa = PBXGroup;
			children = (
				CEFA4A5D2E3E181000FC15ED /* TZEffective2025.08.01 */,
				CEFA4A772E3E181200FC15ED /* TZEffective2025.08.01Tests */,
				CEFA4A812E3E181200FC15ED /* TZEffective2025.08.01UITests */,
				CEFA4A5C2E3E181000FC15ED /* Products */,
			);
			sourceTree = "<group>";
		};
		CEFA4A5C2E3E181000FC15ED /* Products */ = {
			isa = PBXGroup;
			children = (
				CEFA4A5B2E3E181000FC15ED /* TZEffective2025.08.01.app */,
				CEFA4A742E3E181200FC15ED /* TZEffective2025.08.01Tests.xctest */,
				CEFA4A7E2E3E181200FC15ED /* TZEffective2025.08.01UITests.xctest */,
			);
			name = Products;
			sourceTree = "<group>";
		};
/* End PBXGroup section */

/* Begin PBXNativeTarget section */
		CEFA4A5A2E3E181000FC15ED /* TZEffective2025.08.01 */ = {
			isa = PBXNativeTarget;
			buildConfigurationList = CEFA4A872E3E181200FC15ED /* Build configuration list for PBXNativeTarget "TZEffective2025.08.01" */;
			buildPhases = (
				CEFA4A572E3E181000FC15ED /* Sources */,
				CEFA4A582E3E181000FC15ED /* Frameworks */,
				CEFA4A592E3E181000FC15ED /* Resources */,
			);
			buildRules = (
			);
			dependencies = (
			);
			fileSystemSynchronizedGroups = (
				CEFA4A5D2E3E181000FC15ED /* TZEffective2025.08.01 */,
			);
			name = TZEffective2025.08.01;
			packageProductDependencies = (
			);
			productName = TZEffective2025.08.01;
			productReference = CEFA4A5B2E3E181000FC15ED /* TZEffective2025.08.01.app */;
			productType = "com.apple.product-type.application";
		};
		CEFA4A732E3E181200FC15ED /* TZEffective2025.08.01Tests */ = {
			isa = PBXNativeTarget;
			buildConfigurationList = CEFA4A8C2E3E181200FC15ED /* Build configuration list for PBXNativeTarget "TZEffective2025.08.01Tests" */;
			buildPhases = (
				CEFA4A702E3E181200FC15ED /* Sources */,
				CEFA4A712E3E181200FC15ED /* Frameworks */,
				CEFA4A722E3E181200FC15ED /* Resources */,
			);
			buildRules = (
			);
			dependencies = (
				CEFA4A762E3E181200FC15ED /* PBXTargetDependency */,
			);
			fileSystemSynchronizedGroups = (
				CEFA4A772E3E181200FC15ED /* TZEffective2025.08.01Tests */,
			);
			name = TZEffective2025.08.01Tests;
			packageProductDependencies = (
			);
			productName = TZEffective2025.08.01Tests;
			productReference = CEFA4A742E3E181200FC15ED /* TZEffective2025.08.01Tests.xctest */;
			productType = "com.apple.product-type.bundle.unit-test";
		};
		CEFA4A7D2E3E181200FC15ED /* TZEffective2025.08.01UITests */ = {
			isa = PBXNativeTarget;
			buildConfigurationList = CEFA4A8F2E3E181200FC15ED /* Build configuration list for PBXNativeTarget "TZEffective2025.08.01UITests" */;
			buildPhases = (
				CEFA4A7A2E3E181200FC15ED /* Sources */,
				CEFA4A7B2E3E181200FC15ED /* Frameworks */,
				CEFA4A7C2E3E181200FC15ED /* Resources */,
			);
			buildRules = (
			);
			dependencies = (
				CEFA4A802E3E181200FC15ED /* PBXTargetDependency */,
			);
			fileSystemSynchronizedGroups = (
				CEFA4A812E3E181200FC15ED /* TZEffective2025.08.01UITests */,
			);
			name = TZEffective2025.08.01UITests;
			packageProductDependencies = (
			);
			productName = TZEffective2025.08.01UITests;
			productReference = CEFA4A7E2E3E181200FC15ED /* TZEffective2025.08.01UITests.xctest */;
			productType = "com.apple.product-type.bundle.ui-testing";
		};
/* End PBXNativeTarget section */

/* Begin PBXProject section */
		CEFA4A532E3E181000FC15ED /* Project object */ = {
			isa = PBXProject;
			attributes = {
				BuildIndependentTargetsInParallel = 1;
				LastSwiftUpdateCheck = 1640;
				LastUpgradeCheck = 1640;
				TargetAttributes = {
					CEFA4A5A2E3E181000FC15ED = {
						CreatedOnToolsVersion = 16.4;
					};
					CEFA4A732E3E181200FC15ED = {
						CreatedOnToolsVersion = 16.4;
						TestTargetID = CEFA4A5A2E3E181000FC15ED;
					};
					CEFA4A7D2E3E181200FC15ED = {
						CreatedOnToolsVersion = 16.4;
						TestTargetID = CEFA4A5A2E3E181000FC15ED;
					};
				};
			};
			buildConfigurationList = CEFA4A562E3E181000FC15ED /* Build configuration list for PBXProject "TZEffective2025.08.01" */;
			developmentRegion = en;
			hasScannedForEncodings = 0;
			knownRegions = (
				en,
				Base,
			);
			mainGroup = CEFA4A522E3E181000FC15ED;
			minimizedProjectReferenceProxies = 1;
			preferredProjectObjectVersion = 77;
			productRefGroup = CEFA4A5C2E3E181000FC15ED /* Products */;
			projectDirPath = "";
			projectRoot = "";
			targets = (
				CEFA4A5A2E3E181000FC15ED /* TZEffective2025.08.01 */,
				CEFA4A732E3E181200FC15ED /* TZEffective2025.08.01Tests */,
				CEFA4A7D2E3E181200FC15ED /* TZEffective2025.08.01UITests */,
			);
		};
/* End PBXProject section */

/* Begin PBXResourcesBuildPhase section */
		CEFA4A592E3E181000FC15ED /* Resources */ = {
			isa = PBXResourcesBuildPhase;
			buildActionMask = 2147483647;
			files = (
			);
			runOnlyForDeploymentPostprocessing = 0;
		};
		CEFA4A722E3E181200FC15ED /* Resources */ = {
			isa = PBXResourcesBuildPhase;
			buildActionMask = 2147483647;
			files = (
			);
			runOnlyForDeploymentPostprocessing = 0;
		};
		CEFA4A7C2E3E181200FC15ED /* Resources */ = {
			isa = PBXResourcesBuildPhase;
			buildActionMask = 2147483647;
			files = (
			);
			runOnlyForDeploymentPostprocessing = 0;
		};
/* End PBXResourcesBuildPhase section */

/* Begin PBXSourcesBuildPhase section */
		CEFA4A572E3E181000FC15ED /* Sources */ = {
			isa = PBXSourcesBuildPhase;
			buildActionMask = 2147483647;
			files = (
			);
			runOnlyForDeploymentPostprocessing = 0;
		};
		CEFA4A702E3E181200FC15ED /* Sources */ = {
			isa = PBXSourcesBuildPhase;
			buildActionMask = 2147483647;
			files = (
			);
			runOnlyForDeploymentPostprocessing = 0;
		};
		CEFA4A7A2E3E181200FC15ED /* Sources */ = {
			isa = PBXSourcesBuildPhase;
			buildActionMask = 2147483647;
			files = (
			);
			runOnlyForDeploymentPostprocessing = 0;
		};
/* End PBXSourcesBuildPhase section */

/* Begin PBXTargetDependency section */
		CEFA4A762E3E181200FC15ED /* PBXTargetDependency */ = {
			isa = PBXTargetDependency;
			target = CEFA4A5A2E3E181000FC15ED /* TZEffective2025.08.01 */;
			targetProxy = CEFA4A752E3E181200FC15ED /* PBXContainerItemProxy */;
		};
		CEFA4A802E3E181200FC15ED /* PBXTargetDependency */ = {
			isa = PBXTargetDependency;
			target = CEFA4A5A2E3E181000FC15ED /* TZEffective2025.08.01 */;
			targetProxy = CEFA4A7F2E3E181200FC15ED /* PBXContainerItemProxy */;
		};
/* End PBXTargetDependency section */

/* Begin XCBuildConfiguration section */
		CEFA4A882E3E181200FC15ED /* Debug */ = {
			isa = XCBuildConfiguration;
			buildSettings = {
				ASSETCATALOG_COMPILER_APPICON_NAME = AppIcon;
				ASSETCATALOG_COMPILER_GLOBAL_ACCENT_COLOR_NAME = AccentColor;
				CODE_SIGN_STYLE = Automatic;
				CURRENT_PROJECT_VERSION = 1;
				DEVELOPMENT_TEAM = Z4PKJ57KTJ;
				GENERATE_INFOPLIST_FILE = YES;
				INFOPLIST_FILE = TZEffective2025.08.01/Info.plist;
				INFOPLIST_KEY_UIApplicationSupportsIndirectInputEvents = YES;
				INFOPLIST_KEY_UILaunchStoryboardName = LaunchScreen;
				INFOPLIST_KEY_UISupportedInterfaceOrientations_iPad = "UIInterfaceOrientationPortrait UIInterfaceOrientationPortraitUpsideDown UIInterfaceOrientationLandscapeLeft UIInterfaceOrientationLandscapeRight";
				INFOPLIST_KEY_UISupportedInterfaceOrientations_iPhone = "UIInterfaceOrientationPortrait UIInterfaceOrientationLandscapeLeft UIInterfaceOrientationLandscapeRight";
				LD_RUNPATH_SEARCH_PATHS = (
					"$(inherited)",
					"@executable_path/Frameworks",
				);
				MARKETING_VERSION = 1.0;
				PRODUCT_BUNDLE_IDENTIFIER = "potatoesTeam.TZEffective2025-08-01";
				PRODUCT_NAME = "$(TARGET_NAME)";
				SWIFT_EMIT_LOC_STRINGS = YES;
				SWIFT_VERSION = 5.0;
				TARGETED_DEVICE_FAMILY = "1,2";
			};
			name = Debug;
		};
		CEFA4A892E3E181200FC15ED /* Release */ = {
			isa = XCBuildConfiguration;
			buildSettings = {
				ASSETCATALOG_COMPILER_APPICON_NAME = AppIcon;
				ASSETCATALOG_COMPILER_GLOBAL_ACCENT_COLOR_NAME = AccentColor;
				CODE_SIGN_STYLE = Automatic;
				CURRENT_PROJECT_VERSION = 1;
				DEVELOPMENT_TEAM = Z4PKJ57KTJ;
				GENERATE_INFOPLIST_FILE = YES;
				INFOPLIST_FILE = TZEffective2025.08.01/Info.plist;
				INFOPLIST_KEY_UIApplicationSupportsIndirectInputEvents = YES;
				INFOPLIST_KEY_UILaunchStoryboardName = LaunchScreen;
				INFOPLIST_KEY_UISupportedInterfaceOrientations_iPad = "UIInterfaceOrientationPortrait UIInterfaceOrientationPortraitUpsideDown UIInterfaceOrientationLandscapeLeft UIInterfaceOrientationLandscapeRight";
				INFOPLIST_KEY_UISupportedInterfaceOrientations_iPhone = "UIInterfaceOrientationPortrait UIInterfaceOrientationLandscapeLeft UIInterfaceOrientationLandscapeRight";
				LD_RUNPATH_SEARCH_PATHS = (
					"$(inherited)",
					"@executable_path/Frameworks",
				);
				MARKETING_VERSION = 1.0;
				PRODUCT_BUNDLE_IDENTIFIER = "potatoesTeam.TZEffective2025-08-01";
				PRODUCT_NAME = "$(TARGET_NAME)";
				SWIFT_EMIT_LOC_STRINGS = YES;
				SWIFT_VERSION = 5.0;
				TARGETED_DEVICE_FAMILY = "1,2";
			};
			name = Release;
		};
		CEFA4A8A2E3E181200FC15ED /* Debug */ = {
			isa = XCBuildConfiguration;
			buildSettings = {
				ALWAYS_SEARCH_USER_PATHS = NO;
				ASSETCATALOG_COMPILER_GENERATE_SWIFT_ASSET_SYMBOL_EXTENSIONS = YES;
				CLANG_ANALYZER_NONNULL = YES;
				CLANG_ANALYZER_NUMBER_OBJECT_CONVERSION = YES_AGGRESSIVE;
				CLANG_CXX_LANGUAGE_STANDARD = "gnu++20";
				CLANG_ENABLE_MODULES = YES;
				CLANG_ENABLE_OBJC_ARC = YES;
				CLANG_ENABLE_OBJC_WEAK = YES;
				CLANG_WARN_BLOCK_CAPTURE_AUTORELEASING = YES;
				CLANG_WARN_BOOL_CONVERSION = YES;
				CLANG_WARN_COMMA = YES;
				CLANG_WARN_CONSTANT_CONVERSION = YES;
				CLANG_WARN_DEPRECATED_OBJC_IMPLEMENTATIONS = YES;
				CLANG_WARN_DIRECT_OBJC_ISA_USAGE = YES_ERROR;
				CLANG_WARN_DOCUMENTATION_COMMENTS = YES;
				CLANG_WARN_EMPTY_BODY = YES;
				CLANG_WARN_ENUM_CONVERSION = YES;
				CLANG_WARN_INFINITE_RECURSION = YES;
				CLANG_WARN_INT_CONVERSION = YES;
				CLANG_WARN_NON_LITERAL_NULL_CONVERSION = YES;
				CLANG_WARN_OBJC_IMPLICIT_RETAIN_SELF = YES;
				CLANG_WARN_OBJC_LITERAL_CONVERSION = YES;
				CLANG_WARN_OBJC_ROOT_CLASS = YES_ERROR;
				CLANG_WARN_QUOTED_INCLUDE_IN_FRAMEWORK_HEADER = YES;
				CLANG_WARN_RANGE_LOOP_ANALYSIS = YES;
				CLANG_WARN_STRICT_PROTOTYPES = YES;
				CLANG_WARN_SUSPICIOUS_MOVE = YES;
				CLANG_WARN_UNGUARDED_AVAILABILITY = YES_AGGRESSIVE;
				CLANG_WARN_UNREACHABLE_CODE = YES;
				CLANG_WARN__DUPLICATE_METHOD_MATCH = YES;
				COPY_PHASE_STRIP = NO;
				DEBUG_INFORMATION_FORMAT = dwarf;
				DEVELOPMENT_TEAM = Z4PKJ57KTJ;
				ENABLE_STRICT_OBJC_MSGSEND = YES;
				ENABLE_TESTABILITY = YES;
				ENABLE_USER_SCRIPT_SANDBOXING = YES;
				GCC_C_LANGUAGE_STANDARD = gnu17;
				GCC_DYNAMIC_NO_PIC = NO;
				GCC_NO_COMMON_BLOCKS = YES;
				GCC_OPTIMIZATION_LEVEL = 0;
				GCC_PREPROCESSOR_DEFINITIONS = (
					"DEBUG=1",
					"$(inherited)",
				);
				GCC_WARN_64_TO_32_BIT_CONVERSION = YES;
				GCC_WARN_ABOUT_RETURN_TYPE = YES_ERROR;
				GCC_WARN_UNDECLARED_SELECTOR = YES;
				GCC_WARN_UNINITIALIZED_AUTOS = YES_AGGRESSIVE;
				GCC_WARN_UNUSED_FUNCTION = YES;
				GCC_WARN_UNUSED_VARIABLE = YES;
				IPHONEOS_DEPLOYMENT_TARGET = 18.5;
				LOCALIZATION_PREFERS_STRING_CATALOGS = YES;
				MTL_ENABLE_DEBUG_INFO = INCLUDE_SOURCE;
				MTL_FAST_MATH = YES;
				ONLY_ACTIVE_ARCH = YES;
				SDKROOT = iphoneos;
				SWIFT_ACTIVE_COMPILATION_CONDITIONS = "DEBUG $(inherited)";
				SWIFT_OPTIMIZATION_LEVEL = "-Onone";
			};
			name = Debug;
		};
		CEFA4A8B2E3E181200FC15ED /* Release */ = {
			isa = XCBuildConfiguration;
			buildSettings = {
				ALWAYS_SEARCH_USER_PATHS = NO;
				ASSETCATALOG_COMPILER_GENERATE_SWIFT_ASSET_SYMBOL_EXTENSIONS = YES;
				CLANG_ANALYZER_NONNULL = YES;
				CLANG_ANALYZER_NUMBER_OBJECT_CONVERSION = YES_AGGRESSIVE;
				CLANG_CXX_LANGUAGE_STANDARD = "gnu++20";
				CLANG_ENABLE_MODULES = YES;
				CLANG_ENABLE_OBJC_ARC = YES;
				CLANG_ENABLE_OBJC_WEAK = YES;
				CLANG_WARN_BLOCK_CAPTURE_AUTORELEASING = YES;
				CLANG_WARN_BOOL_CONVERSION = YES;
				CLANG_WARN_COMMA = YES;
				CLANG_WARN_CONSTANT_CONVERSION = YES;
				CLANG_WARN_DEPRECATED_OBJC_IMPLEMENTATIONS = YES;
				CLANG_WARN_DIRECT_OBJC_ISA_USAGE = YES_ERROR;
				CLANG_WARN_DOCUMENTATION_COMMENTS = YES;
				CLANG_WARN_EMPTY_BODY = YES;
				CLANG_WARN_ENUM_CONVERSION = YES;
				CLANG_WARN_INFINITE_RECURSION = YES;
				CLANG_WARN_INT_CONVERSION = YES;
				CLANG_WARN_NON_LITERAL_NULL_CONVERSION = YES;
				CLANG_WARN_OBJC_IMPLICIT_RETAIN_SELF = YES;
				CLANG_WARN_OBJC_LITERAL_CONVERSION = YES;
				CLANG_WARN_OBJC_ROOT_CLASS = YES_ERROR;
				CLANG_WARN_QUOTED_INCLUDE_IN_FRAMEWORK_HEADER = YES;
				CLANG_WARN_RANGE_LOOP_ANALYSIS = YES;
				CLANG_WARN_STRICT_PROTOTYPES = YES;
				CLANG_WARN_SUSPICIOUS_MOVE = YES;
				CLANG_WARN_UNGUARDED_AVAILABILITY = YES_AGGRESSIVE;
				CLANG_WARN_UNREACHABLE_CODE = YES;
				CLANG_WARN__DUPLICATE_METHOD_MATCH = YES;
				COPY_PHASE_STRIP = NO;
				DEBUG_INFORMATION_FORMAT = "dwarf-with-dsym";
				DEVELOPMENT_TEAM = Z4PKJ57KTJ;
				ENABLE_NS_ASSERTIONS = NO;
				ENABLE_STRICT_OBJC_MSGSEND = YES;
				ENABLE_USER_SCRIPT_SANDBOXING = YES;
				GCC_C_LANGUAGE_STANDARD = gnu17;
				GCC_NO_COMMON_BLOCKS = YES;
				GCC_WARN_64_TO_32_BIT_CONVERSION = YES;
				GCC_WARN_ABOUT_RETURN_TYPE = YES_ERROR;
				GCC_WARN_UNDECLARED_SELECTOR = YES;
				GCC_WARN_UNINITIALIZED_AUTOS = YES_AGGRESSIVE;
				GCC_WARN_UNUSED_FUNCTION = YES;
				GCC_WARN_UNUSED_VARIABLE = YES;
				IPHONEOS_DEPLOYMENT_TARGET = 18.5;
				LOCALIZATION_PREFERS_STRING_CATALOGS = YES;
				MTL_ENABLE_DEBUG_INFO = NO;
				MTL_FAST_MATH = YES;
				SDKROOT = iphoneos;
				SWIFT_COMPILATION_MODE = wholemodule;
				VALIDATE_PRODUCT = YES;
			};
			name = Release;
		};
		CEFA4A8D2E3E181200FC15ED /* Debug */ = {
			isa = XCBuildConfiguration;
			buildSettings = {
				BUNDLE_LOADER = "$(TEST_HOST)";
				CODE_SIGN_STYLE = Automatic;
				CURRENT_PROJECT_VERSION = 1;
				DEVELOPMENT_TEAM = Z4PKJ57KTJ;
				GENERATE_INFOPLIST_FILE = YES;
				IPHONEOS_DEPLOYMENT_TARGET = 18.5;
				MARKETING_VERSION = 1.0;
				PRODUCT_BUNDLE_IDENTIFIER = "potatoesTeam.TZEffective2025-08-01Tests";
				PRODUCT_NAME = "$(TARGET_NAME)";
				SWIFT_EMIT_LOC_STRINGS = NO;
				SWIFT_VERSION = 5.0;
				TARGETED_DEVICE_FAMILY = "1,2";
				TEST_HOST = "$(BUILT_PRODUCTS_DIR)/TZEffective2025.08.01.app/$(BUNDLE_EXECUTABLE_FOLDER_PATH)/TZEffective2025.08.01";
			};
			name = Debug;
		};
		CEFA4A8E2E3E181200FC15ED /* Release */ = {
			isa = XCBuildConfiguration;
			buildSettings = {
				BUNDLE_LOADER = "$(TEST_HOST)";
				CODE_SIGN_STYLE = Automatic;
				CURRENT_PROJECT_VERSION = 1;
				DEVELOPMENT_TEAM = Z4PKJ57KTJ;
				GENERATE_INFOPLIST_FILE = YES;
				IPHONEOS_DEPLOYMENT_TARGET = 18.5;
				MARKETING_VERSION = 1.0;
				PRODUCT_BUNDLE_IDENTIFIER = "potatoesTeam.TZEffective2025-08-01Tests";
				PRODUCT_NAME = "$(TARGET_NAME)";
				SWIFT_EMIT_LOC_STRINGS = NO;
				SWIFT_VERSION = 5.0;
				TARGETED_DEVICE_FAMILY = "1,2";
				TEST_HOST = "$(BUILT_PRODUCTS_DIR)/TZEffective2025.08.01.app/$(BUNDLE_EXECUTABLE_FOLDER_PATH)/TZEffective2025.08.01";
			};
			name = Release;
		};
		CEFA4A902E3E181200FC15ED /* Debug */ = {
			isa = XCBuildConfiguration;
			buildSettings = {
				CODE_SIGN_STYLE = Automatic;
				CURRENT_PROJECT_VERSION = 1;
				DEVELOPMENT_TEAM = Z4PKJ57KTJ;
				GENERATE_INFOPLIST_FILE = YES;
				MARKETING_VERSION = 1.0;
				PRODUCT_BUNDLE_IDENTIFIER = "potatoesTeam.TZEffective2025-08-01UITests";
				PRODUCT_NAME = "$(TARGET_NAME)";
				SWIFT_EMIT_LOC_STRINGS = NO;
				SWIFT_VERSION = 5.0;
				TARGETED_DEVICE_FAMILY = "1,2";
				TEST_TARGET_NAME = TZEffective2025.08.01;
			};
			name = Debug;
		};
		CEFA4A912E3E181200FC15ED /* Release */ = {
			isa = XCBuildConfiguration;
			buildSettings = {
				CODE_SIGN_STYLE = Automatic;
				CURRENT_PROJECT_VERSION = 1;
				DEVELOPMENT_TEAM = Z4PKJ57KTJ;
				GENERATE_INFOPLIST_FILE = YES;
				MARKETING_VERSION = 1.0;
				PRODUCT_BUNDLE_IDENTIFIER = "potatoesTeam.TZEffective2025-08-01UITests";
				PRODUCT_NAME = "$(TARGET_NAME)";
				SWIFT_EMIT_LOC_STRINGS = NO;
				SWIFT_VERSION = 5.0;
				TARGETED_DEVICE_FAMILY = "1,2";
				TEST_TARGET_NAME = TZEffective2025.08.01;
			};
			name = Release;
		};
/* End XCBuildConfiguration section */

/* Begin XCConfigurationList section */
		CEFA4A562E3E181000FC15ED /* Build configuration list for PBXProject "TZEffective2025.08.01" */ = {
			isa = XCConfigurationList;
			buildConfigurations = (
				CEFA4A8A2E3E181200FC15ED /* Debug */,
				CEFA4A8B2E3E181200FC15ED /* Release */,
			);
			defaultConfigurationIsVisible = 0;
			defaultConfigurationName = Release;
		};
		CEFA4A872E3E181200FC15ED /* Build configuration list for PBXNativeTarget "TZEffective2025.08.01" */ = {
			isa = XCConfigurationList;
			buildConfigurations = (
				CEFA4A882E3E181200FC15ED /* Debug */,
				CEFA4A892E3E181200FC15ED /* Release */,
			);
			defaultConfigurationIsVisible = 0;
			defaultConfigurationName = Release;
		};
		CEFA4A8C2E3E181200FC15ED /* Build configuration list for PBXNativeTarget "TZEffective2025.08.01Tests" */ = {
			isa = XCConfigurationList;
			buildConfigurations = (
				CEFA4A8D2E3E181200FC15ED /* Debug */,
				CEFA4A8E2E3E181200FC15ED /* Release */,
			);
			defaultConfigurationIsVisible = 0;
			defaultConfigurationName = Release;
		};
		CEFA4A8F2E3E181200FC15ED /* Build configuration list for PBXNativeTarget "TZEffective2025.08.01UITests" */ = {
			isa = XCConfigurationList;
			buildConfigurations = (
				CEFA4A902E3E181200FC15ED /* Debug */,
				CEFA4A912E3E181200FC15ED /* Release */,
			);
			defaultConfigurationIsVisible = 0;
			defaultConfigurationName = Release;
		};
/* End XCConfigurationList section */
	};
	rootObject = CEFA4A532E3E181000FC15ED /* Project object */;
}
